
Microsoft Visual Studio Solution File, Format Version 12.00
# Visual Studio Version 17
VisualStudioVersion = 17.8.34322.80
MinimumVisualStudioVersion = 10.0.40219.1
Project("{FAE04EC0-301F-11D3-BF4B-00C04F79EFBC}") = "AsyncEfCoreOdata", "AsyncEfCoreOdata\AsyncEfCoreOdata.csproj", "{092CE80E-3E8C-4CD0-844B-A3780189C6FE}"
EndProject
Global
	GlobalSection(SolutionConfigurationPlatforms) = preSolution
		Debug|Any CPU = Debug|Any CPU
		Release|Any CPU = Release|Any CPU
	EndGlobalSection
	GlobalSection(ProjectConfigurationPlatforms) = postSolution
		{092CE80E-3E8C-4CD0-844B-A3780189C6FE}.Debug|Any CPU.ActiveCfg = Debug|Any CPU
		{092CE80E-3E8C-4CD0-844B-A3780189C6FE}.Debug|Any CPU.Build.0 = Debug|Any CPU
		{092CE80E-3E8C-4CD0-844B-A3780189C6FE}.Release|Any CPU.ActiveCfg = Release|Any CPU
		{092CE80E-3E8C-4CD0-844B-A3780189C6FE}.Release|Any CPU.Build.0 = Release|Any CPU
	EndGlobalSection
	GlobalSection(SolutionProperties) = preSolution
		HideSolutionNode = FALSE
	EndGlobalSection
	GlobalSection(ExtensibilityGlobals) = postSolution
		SolutionGuid = {6FF7E084-8308-42CC-81AD-D13DE4A8C65F}
	EndGlobalSection
EndGlobal
